
Microsoft Visual Studio Solution File, Format Version 12.00
# Visual Studio 15
VisualStudioVersion = 15.0.28010.2003
MinimumVisualStudioVersion = 10.0.40219.1
Project("{FAE04EC0-301F-11D3-BF4B-00C04F79EFBC}") = "BrianKaddourSpaceSmile", "BrianKaddourSpaceSmile\BrianKaddourSpaceSmile.csproj", "{39B21F45-CA92-4F07-9173-8172E8616F54}"
EndProject
Project("{9A19103F-16F7-4668-BE54-9A1E7A4F7556}") = "UnitTests", "BKTests\UnitTests.csproj", "{5DD3D89D-23C6-4908-8ED7-576300742FF4}"
EndProject
Global
	GlobalSection(SolutionConfigurationPlatforms) = preSolution
		Debug|Any CPU = Debug|Any CPU
		Release|Any CPU = Release|Any CPU
	EndGlobalSection
	GlobalSection(ProjectConfigurationPlatforms) = postSolution
		{39B21F45-CA92-4F07-9173-8172E8616F54}.Debug|Any CPU.ActiveCfg = Debug|Any CPU
		{39B21F45-CA92-4F07-9173-8172E8616F54}.Debug|Any CPU.Build.0 = Debug|Any CPU
		{39B21F45-CA92-4F07-9173-8172E8616F54}.Release|Any CPU.ActiveCfg = Release|Any CPU
		{39B21F45-CA92-4F07-9173-8172E8616F54}.Release|Any CPU.Build.0 = Release|Any CPU
		{5DD3D89D-23C6-4908-8ED7-576300742FF4}.Debug|Any CPU.ActiveCfg = Debug|Any CPU
		{5DD3D89D-23C6-4908-8ED7-576300742FF4}.Debug|Any CPU.Build.0 = Debug|Any CPU
		{5DD3D89D-23C6-4908-8ED7-576300742FF4}.Release|Any CPU.ActiveCfg = Release|Any CPU
		{5DD3D89D-23C6-4908-8ED7-576300742FF4}.Release|Any CPU.Build.0 = Release|Any CPU
	EndGlobalSection
	GlobalSection(SolutionProperties) = preSolution
		HideSolutionNode = FALSE
	EndGlobalSection
	GlobalSection(ExtensibilityGlobals) = postSolution
		SolutionGuid = {4B0E7886-5F08-4339-9BC8-6A3886BA3B9F}
	EndGlobalSection
EndGlobal
